
Microsoft Visual Studio Solution File, Format Version 12.00
# Visual Studio Version 17
VisualStudioVersion = 17.14.36429.23 d17.14
MinimumVisualStudioVersion = 10.0.40219.1
Project("{8BC9CEB8-8B4A-11D0-8D11-00A0C91BC942}") = "Опі 4 Лаб ( Адміністратор)", "Опі 4 Лаб ( Адміністратор)\Опі 4 Лаб ( Адміністратор).vcxproj", "{0DF0C58B-6ABB-47AD-9F84-5B5CFA432DCD}"
EndProject
Global
	GlobalSection(SolutionConfigurationPlatforms) = preSolution
		Debug|x64 = Debug|x64
		Debug|x86 = Debug|x86
		Release|x64 = Release|x64
		Release|x86 = Release|x86
	EndGlobalSection
	GlobalSection(ProjectConfigurationPlatforms) = postSolution
		{0DF0C58B-6ABB-47AD-9F84-5B5CFA432DCD}.Debug|x64.ActiveCfg = Debug|x64
		{0DF0C58B-6ABB-47AD-9F84-5B5CFA432DCD}.Debug|x64.Build.0 = Debug|x64
		{0DF0C58B-6ABB-47AD-9F84-5B5CFA432DCD}.Debug|x86.ActiveCfg = Debug|Win32
		{0DF0C58B-6ABB-47AD-9F84-5B5CFA432DCD}.Debug|x86.Build.0 = Debug|Win32
		{0DF0C58B-6ABB-47AD-9F84-5B5CFA432DCD}.Release|x64.ActiveCfg = Release|x64
		{0DF0C58B-6ABB-47AD-9F84-5B5CFA432DCD}.Release|x64.Build.0 = Release|x64
		{0DF0C58B-6ABB-47AD-9F84-5B5CFA432DCD}.Release|x86.ActiveCfg = Release|Win32
		{0DF0C58B-6ABB-47AD-9F84-5B5CFA432DCD}.Release|x86.Build.0 = Release|Win32
	EndGlobalSection
	GlobalSection(SolutionProperties) = preSolution
		HideSolutionNode = FALSE
	EndGlobalSection
	GlobalSection(ExtensibilityGlobals) = postSolution
		SolutionGuid = {E1AE2D25-AF26-418C-81CA-6DB3B7751E4E}
	EndGlobalSection
EndGlobal
